PODS:
  - Alamofire (4.8.2)
  - AlamofireObjectMapper (5.2.0):
    - Alamofire (~> 4.7)
    - ObjectMapper (~> 3.4)
  - Bond (7.3.3):
    - Differ (~> 1.3)
    - ReactiveKit (~> 3.9)
  - Differ (1.4.3)
  - FrameAccessor (1.3.2)
  - GraphKit (1.1.1):
    - FrameAccessor (~> 1.3.2)
    - MKFoundationKit/NSArray (~> 1.2.2)
  - MKFoundationKit/NSArray (1.2.3)
  - ObjectMapper (3.5.1)
  - ReactiveKit (3.9.6)
  - SDWebImage (5.0.6):
    - SDWebImage/Core (= 5.0.6)
  - SDWebImage/Core (5.0.6)

DEPENDENCIES:
  - Alamofire (= 4.8.2)
  - AlamofireObjectMapper (= 5.2.0)
  - Bond (= 7.3.3)
  - GraphKit
  - ReactiveKit (= 3.9.6)
  - SDWebImage

SPEC REPOS:
  https://github.com/CocoaPods/Specs.git:
    - Alamofire
    - AlamofireObjectMapper
    - Bond
    - Differ
    - FrameAccessor
    - GraphKit
    - MKFoundationKit
    - ObjectMapper
    - ReactiveKit
    - SDWebImage

SPEC CHECKSUMS:
  Alamofire: ae5c501addb7afdbb13687d7f2f722c78734c2d3
  AlamofireObjectMapper: 92b6ce2423a9d159e686f6a1d514a009bf903ddc
  Bond: 48ffda2418dde1da39bad39495c32a55f3ad23b9
  Differ: 6c7477d6187e8c36d02ec342a3c321061b85a0ea
  FrameAccessor: 0f7ba6ce37be9a5d0302a27c731dca70af8d438b
  GraphKit: e2336bed87d9313020af525dedbca54b62e93533
  MKFoundationKit: 882d74557944790d4d9e172961ed71d6a66804b7
  ObjectMapper: 70187b8941977c62ccfb423caf6b50be405cabf0
  ReactiveKit: 804d3093ad42dee0de19e42d4f7dcae9c14364b0
  SDWebImage: 920f1a2ff1ca8296ad34f6e0510a1ef1d70ac965

PODFILE CHECKSUM: 76a806ecd99ae48d0e917423c028a3d6f044577b

COCOAPODS: 1.8.4
