// !$*UTF8*$!
{
	archiveVersion = 1;
	classes = {
	};
	objectVersion = 50;
	objects = {

/* Begin PBXBuildFile section */
		B2A827DF2346141C00A25AF3 /* AppDelegate.swift in Sources */ = {isa = PBXBuildFile; fileRef = B2A827DE2346141C00A25AF3 /* AppDelegate.swift */; };
		B2A827E52346141D00A25AF3 /* Assets.xcassets in Resources */ = {isa = PBXBuildFile; fileRef = B2A827E42346141D00A25AF3 /* Assets.xcassets */; };
		B2A827E82346141D00A25AF3 /* Preview Assets.xcassets in Resources */ = {isa = PBXBuildFile; fileRef = B2A827E72346141D00A25AF3 /* Preview Assets.xcassets */; };
		B2A827EB2346141D00A25AF3 /* LaunchScreen.storyboard in Resources */ = {isa = PBXBuildFile; fileRef = B2A827E92346141D00A25AF3 /* LaunchScreen.storyboard */; };
		B2A827F52346147000A25AF3 /* Main.storyboard in Resources */ = {isa = PBXBuildFile; fileRef = B2A827F42346147000A25AF3 /* Main.storyboard */; };
		B2A827F72346149600A25AF3 /* ViewController.swift in Sources */ = {isa = PBXBuildFile; fileRef = B2A827F62346149600A25AF3 /* ViewController.swift */; };
/* End PBXBuildFile section */

/* Begin PBXFileReference section */
		B2A827DB2346141C00A25AF3 /* Universe.app */ = {isa = PBXFileReference; explicitFileType = wrapper.application; includeInIndex = 0; path = Universe.app; sourceTree = BUILT_PRODUCTS_DIR; };
		B2A827DE2346141C00A25AF3 /* AppDelegate.swift */ = {isa = PBXFileReference; lastKnownFileType = sourcecode.swift; path = AppDelegate.swift; sourceTree = "<group>"; };
		B2A827E42346141D00A25AF3 /* Assets.xcassets */ = {isa = PBXFileReference; lastKnownFileType = folder.assetcatalog; path = Assets.xcassets; sourceTree = "<group>"; };
		B2A827E72346141D00A25AF3 /* Preview Assets.xcassets */ = {isa = PBXFileReference; lastKnownFileType = folder.assetcatalog; path = "Preview Assets.xcassets"; sourceTree = "<group>"; };
		B2A827EA2346141D00A25AF3 /* Base */ = {isa = PBXFileReference; lastKnownFileType = file.storyboard; name = Base; path = Base.lproj/LaunchScreen.storyboard; sourceTree = "<group>"; };
		B2A827EC2346141D00A25AF3 /* Info.plist */ = {isa = PBXFileReference; lastKnownFileType = text.plist.xml; path = Info.plist; sourceTree = "<group>"; };
		B2A827F42346147000A25AF3 /* Main.storyboard */ = {isa = PBXFileReference; lastKnownFileType = file.storyboard; path = Main.storyboard; sourceTree = "<group>"; };
		B2A827F62346149600A25AF3 /* ViewController.swift */ = {isa = PBXFileReference; lastKnownFileType = sourcecode.swift; path = ViewController.swift; sourceTree = "<group>"; };
/* End PBXFileReference section */

/* Begin PBXFrameworksBuildPhase section */
		B2A827D82346141C00A25AF3 /* Frameworks */ = {
			isa = PBXFrameworksBuildPhase;
			buildActionMask = 2147483647;
			files = (
			);
			runOnlyForDeploymentPostprocessing = 0;
		};
/* End PBXFrameworksBuildPhase section */

/* Begin PBXGroup section */
		B2A827D22346141C00A25AF3 = {
			isa = PBXGroup;
			children = (
				B2A827DD2346141C00A25AF3 /* Universe */,
				B2A827DC2346141C00A25AF3 /* Products */,
			);
			sourceTree = "<group>";
		};
		B2A827DC2346141C00A25AF3 /* Products */ = {
			isa = PBXGroup;
			children = (
				B2A827DB2346141C00A25AF3 /* Universe.app */,
			);
			name = Products;
			sourceTree = "<group>";
		};
		B2A827DD2346141C00A25AF3 /* Universe */ = {
			isa = PBXGroup;
			children = (
				B2A827DE2346141C00A25AF3 /* AppDelegate.swift */,
				B2A827F62346149600A25AF3 /* ViewController.swift */,
				B2A827F42346147000A25AF3 /* Main.storyboard */,
				B2A827E42346141D00A25AF3 /* Assets.xcassets */,
				B2A827E92346141D00A25AF3 /* LaunchScreen.storyboard */,
				B2A827EC2346141D00A25AF3 /* Info.plist */,
				B2A827E62346141D00A25AF3 /* Preview Content */,
			);
			path = Universe;
			sourceTree = "<group>";
		};
		B2A827E62346141D00A25AF3 /* Preview Content */ = {
			isa = PBXGroup;
			children = (
				B2A827E72346141D00A25AF3 /* Preview Assets.xcassets */,
			);
			path = "Preview Content";
			sourceTree = "<group>";
		};
/* End PBXGroup section */

/* Begin PBXNativeTarget section */
		B2A827DA2346141C00A25AF3 /* Universe */ = {
			isa = PBXNativeTarget;
			buildConfigurationList = B2A827EF2346141D00A25AF3 /* Build configuration list for PBXNativeTarget "Universe" */;
			buildPhases = (
				B2A827D72346141C00A25AF3 /* Sources */,
				B2A827D82346141C00A25AF3 /* Frameworks */,
				B2A827D92346141C00A25AF3 /* Resources */,
			);
			buildRules = (
			);
			dependencies = (
			);
			name = Universe;
			productName = Universe;
			productReference = B2A827DB2346141C00A25AF3 /* Universe.app */;
			productType = "com.apple.product-type.application";
		};
/* End PBXNativeTarget section */

/* Begin PBXProject section */
		B2A827D32346141C00A25AF3 /* Project object */ = {
			isa = PBXProject;
			attributes = {
				LastSwiftUpdateCheck = 1100;
				LastUpgradeCheck = 1100;
				ORGANIZATIONNAME = "Andrey Maksymov";
				TargetAttributes = {
					B2A827DA2346141C00A25AF3 = {
						CreatedOnToolsVersion = 11.0;
					};
				};
			};
			buildConfigurationList = B2A827D62346141C00A25AF3 /* Build configuration list for PBXProject "Universe" */;
			compatibilityVersion = "Xcode 9.3";
			developmentRegion = en;
			hasScannedForEncodings = 0;
			knownRegions = (
				en,
				Base,
			);
			mainGroup = B2A827D22346141C00A25AF3;
			productRefGroup = B2A827DC2346141C00A25AF3 /* Products */;
			projectDirPath = "";
			projectRoot = "";
			targets = (
				B2A827DA2346141C00A25AF3 /* Universe */,
			);
		};
/* End PBXProject section */

/* Begin PBXResourcesBuildPhase section */
		B2A827D92346141C00A25AF3 /* Resources */ = {
			isa = PBXResourcesBuildPhase;
			buildActionMask = 2147483647;
			files = (
				B2A827EB2346141D00A25AF3 /* LaunchScreen.storyboard in Resources */,
				B2A827E82346141D00A25AF3 /* Preview Assets.xcassets in Resources */,
				B2A827E52346141D00A25AF3 /* Assets.xcassets in Resources */,
				B2A827F52346147000A25AF3 /* Main.storyboard in Resources */,
			);
			runOnlyForDeploymentPostprocessing = 0;
		};
/* End PBXResourcesBuildPhase section */

/* Begin PBXSourcesBuildPhase section */
		B2A827D72346141C00A25AF3 /* Sources */ = {
			isa = PBXSourcesBuildPhase;
			buildActionMask = 2147483647;
			files = (
				B2A827F72346149600A25AF3 /* ViewController.swift in Sources */,
				B2A827DF2346141C00A25AF3 /* AppDelegate.swift in Sources */,
			);
			runOnlyForDeploymentPostprocessing = 0;
		};
/* End PBXSourcesBuildPhase section */

/* Begin PBXVariantGroup section */
		B2A827E92346141D00A25AF3 /* LaunchScreen.storyboard */ = {
			isa = PBXVariantGroup;
			children = (
				B2A827EA2346141D00A25AF3 /* Base */,
			);
			name = LaunchScreen.storyboard;
			sourceTree = "<group>";
		};
/* End PBXVariantGroup section */

/* Begin XCBuildConfiguration section */
		B2A827ED2346141D00A25AF3 /* Debug */ = {
			isa = XCBuildConfiguration;
			buildSettings = {
				ALWAYS_SEARCH_USER_PATHS = NO;
				CLANG_ANALYZER_NONNULL = YES;
				CLANG_ANALYZER_NUMBER_OBJECT_CONVERSION = YES_AGGRESSIVE;
				CLANG_CXX_LANGUAGE_STANDARD = "gnu++14";
				CLANG_CXX_LIBRARY = "libc++";
				CLANG_ENABLE_MODULES = YES;
				CLANG_ENABLE_OBJC_ARC = YES;
				CLANG_ENABLE_OBJC_WEAK = YES;
				CLANG_WARN_BLOCK_CAPTURE_AUTORELEASING = YES;
				CLANG_WARN_BOOL_CONVERSION = YES;
				CLANG_WARN_COMMA = YES;
				CLANG_WARN_CONSTANT_CONVERSION = YES;
				CLANG_WARN_DEPRECATED_OBJC_IMPLEMENTATIONS = YES;
				CLANG_WARN_DIRECT_OBJC_ISA_USAGE = YES_ERROR;
				CLANG_WARN_DOCUMENTATION_COMMENTS = YES;
				CLANG_WARN_EMPTY_BODY = YES;
				CLANG_WARN_ENUM_CONVERSION = YES;
				CLANG_WARN_INFINITE_RECURSION = YES;
				CLANG_WARN_INT_CONVERSION = YES;
				CLANG_WARN_NON_LITERAL_NULL_CONVERSION = YES;
				CLANG_WARN_OBJC_IMPLICIT_RETAIN_SELF = YES;
				CLANG_WARN_OBJC_LITERAL_CONVERSION = YES;
				CLANG_WARN_OBJC_ROOT_CLASS = YES_ERROR;
				CLANG_WARN_RANGE_LOOP_ANALYSIS = YES;
				CLANG_WARN_STRICT_PROTOTYPES = YES;
				CLANG_WARN_SUSPICIOUS_MOVE = YES;
				CLANG_WARN_UNGUARDED_AVAILABILITY = YES_AGGRESSIVE;
				CLANG_WARN_UNREACHABLE_CODE = YES;
				CLANG_WARN__DUPLICATE_METHOD_MATCH = YES;
				COPY_PHASE_STRIP = NO;
				DEBUG_INFORMATION_FORMAT = dwarf;
				ENABLE_STRICT_OBJC_MSGSEND = YES;
				ENABLE_TESTABILITY = YES;
				GCC_C_LANGUAGE_STANDARD = gnu11;
				GCC_DYNAMIC_NO_PIC = NO;
				GCC_NO_COMMON_BLOCKS = YES;
				GCC_OPTIMIZATION_LEVEL = 0;
				GCC_PREPROCESSOR_DEFINITIONS = (
					"DEBUG=1",
					"$(inherited)",
				);
				GCC_WARN_64_TO_32_BIT_CONVERSION = YES;
				GCC_WARN_ABOUT_RETURN_TYPE = YES_ERROR;
				GCC_WARN_UNDECLARED_SELECTOR = YES;
				GCC_WARN_UNINITIALIZED_AUTOS = YES_AGGRESSIVE;
				GCC_WARN_UNUSED_FUNCTION = YES;
				GCC_WARN_UNUSED_VARIABLE = YES;
				IPHONEOS_DEPLOYMENT_TARGET = 13.0;
				MTL_ENABLE_DEBUG_INFO = INCLUDE_SOURCE;
				MTL_FAST_MATH = YES;
				ONLY_ACTIVE_ARCH = YES;
				SDKROOT = iphoneos;
				SWIFT_ACTIVE_COMPILATION_CONDITIONS = DEBUG;
				SWIFT_OPTIMIZATION_LEVEL = "-Onone";
			};
			name = Debug;
		};
		B2A827EE2346141D00A25AF3 /* Release */ = {
			isa = XCBuildConfiguration;
			buildSettings = {
				ALWAYS_SEARCH_USER_PATHS = NO;
				CLANG_ANALYZER_NONNULL = YES;
				CLANG_ANALYZER_NUMBER_OBJECT_CONVERSION = YES_AGGRESSIVE;
				CLANG_CXX_LANGUAGE_STANDARD = "gnu++14";
				CLANG_CXX_LIBRARY = "libc++";
				CLANG_ENABLE_MODULES = YES;
				CLANG_ENABLE_OBJC_ARC = YES;
				CLANG_ENABLE_OBJC_WEAK = YES;
				CLANG_WARN_BLOCK_CAPTURE_AUTORELEASING = YES;
				CLANG_WARN_BOOL_CONVERSION = YES;
				CLANG_WARN_COMMA = YES;
				CLANG_WARN_CONSTANT_CONVERSION = YES;
				CLANG_WARN_DEPRECATED_OBJC_IMPLEMENTATIONS = YES;
				CLANG_WARN_DIRECT_OBJC_ISA_USAGE = YES_ERROR;
				CLANG_WARN_DOCUMENTATION_COMMENTS = YES;
				CLANG_WARN_EMPTY_BODY = YES;
				CLANG_WARN_ENUM_CONVERSION = YES;
				CLANG_WARN_INFINITE_RECURSION = YES;
				CLANG_WARN_INT_CONVERSION = YES;
				CLANG_WARN_NON_LITERAL_NULL_CONVERSION = YES;
				CLANG_WARN_OBJC_IMPLICIT_RETAIN_SELF = YES;
				CLANG_WARN_OBJC_LITERAL_CONVERSION = YES;
				CLANG_WARN_OBJC_ROOT_CLASS = YES_ERROR;
				CLANG_WARN_RANGE_LOOP_ANALYSIS = YES;
				CLANG_WARN_STRICT_PROTOTYPES = YES;
				CLANG_WARN_SUSPICIOUS_MOVE = YES;
				CLANG_WARN_UNGUARDED_AVAILABILITY = YES_AGGRESSIVE;
				CLANG_WARN_UNREACHABLE_CODE = YES;
				CLANG_WARN__DUPLICATE_METHOD_MATCH = YES;
				COPY_PHASE_STRIP = NO;
				DEBUG_INFORMATION_FORMAT = "dwarf-with-dsym";
				ENABLE_NS_ASSERTIONS = NO;
				ENABLE_STRICT_OBJC_MSGSEND = YES;
				GCC_C_LANGUAGE_STANDARD = gnu11;
				GCC_NO_COMMON_BLOCKS = YES;
				GCC_WARN_64_TO_32_BIT_CONVERSION = YES;
				GCC_WARN_ABOUT_RETURN_TYPE = YES_ERROR;
				GCC_WARN_UNDECLARED_SELECTOR = YES;
				GCC_WARN_UNINITIALIZED_AUTOS = YES_AGGRESSIVE;
				GCC_WARN_UNUSED_FUNCTION = YES;
				GCC_WARN_UNUSED_VARIABLE = YES;
				IPHONEOS_DEPLOYMENT_TARGET = 13.0;
				MTL_ENABLE_DEBUG_INFO = NO;
				MTL_FAST_MATH = YES;
				SDKROOT = iphoneos;
				SWIFT_COMPILATION_MODE = wholemodule;
				SWIFT_OPTIMIZATION_LEVEL = "-O";
				VALIDATE_PRODUCT = YES;
			};
			name = Release;
		};
		B2A827F02346141D00A25AF3 /* Debug */ = {
			isa = XCBuildConfiguration;
			buildSettings = {
				ASSETCATALOG_COMPILER_APPICON_NAME = AppIcon;
				CODE_SIGN_STYLE = Automatic;
				DEVELOPMENT_ASSET_PATHS = "\"Universe/Preview Content\"";
				DEVELOPMENT_TEAM = 4X774D5AWV;
				ENABLE_PREVIEWS = YES;
				INFOPLIST_FILE = Universe/Info.plist;
				LD_RUNPATH_SEARCH_PATHS = (
					"$(inherited)",
					"@executable_path/Frameworks",
				);
				PRODUCT_BUNDLE_IDENTIFIER = kek.Universe;
				PRODUCT_NAME = "$(TARGET_NAME)";
				SWIFT_VERSION = 5.0;
				TARGETED_DEVICE_FAMILY = "1,2";
			};
			name = Debug;
		};
		B2A827F12346141D00A25AF3 /* Release */ = {
			isa = XCBuildConfiguration;
			buildSettings = {
				ASSETCATALOG_COMPILER_APPICON_NAME = AppIcon;
				CODE_SIGN_STYLE = Automatic;
				DEVELOPMENT_ASSET_PATHS = "\"Universe/Preview Content\"";
				DEVELOPMENT_TEAM = 4X774D5AWV;
				ENABLE_PREVIEWS = YES;
				INFOPLIST_FILE = Universe/Info.plist;
				LD_RUNPATH_SEARCH_PATHS = (
					"$(inherited)",
					"@executable_path/Frameworks",
				);
				PRODUCT_BUNDLE_IDENTIFIER = kek.Universe;
				PRODUCT_NAME = "$(TARGET_NAME)";
				SWIFT_VERSION = 5.0;
				TARGETED_DEVICE_FAMILY = "1,2";
			};
			name = Release;
		};
/* End XCBuildConfiguration section */

/* Begin XCConfigurationList section */
		B2A827D62346141C00A25AF3 /* Build configuration list for PBXProject "Universe" */ = {
			isa = XCConfigurationList;
			buildConfigurations = (
				B2A827ED2346141D00A25AF3 /* Debug */,
				B2A827EE2346141D00A25AF3 /* Release */,
			);
			defaultConfigurationIsVisible = 0;
			defaultConfigurationName = Release;
		};
		B2A827EF2346141D00A25AF3 /* Build configuration list for PBXNativeTarget "Universe" */ = {
			isa = XCConfigurationList;
			buildConfigurations = (
				B2A827F02346141D00A25AF3 /* Debug */,
				B2A827F12346141D00A25AF3 /* Release */,
			);
			defaultConfigurationIsVisible = 0;
			defaultConfigurationName = Release;
		};
/* End XCConfigurationList section */
	};
	rootObject = B2A827D32346141C00A25AF3 /* Project object */;
}
